// !$*UTF8*$!
{
	archiveVersion = 1;
	classes = {
	};
	objectVersion = 55;
	objects = {

/* Begin PBXBuildFile section */
		4E8A3CC7432408A1FC191EB2 /* Pods_IMDB.framework in Frameworks */ = {isa = PBXBuildFile; fileRef = BF228AF20B20A1B7C7E3C9D9 /* Pods_IMDB.framework */; };
		DC2A8C1A2804AA7B002D86AA /* RegistrationCoordinator.swift in Sources */ = {isa = PBXBuildFile; fileRef = DC2A8C192804AA7B002D86AA /* RegistrationCoordinator.swift */; };
		DC2A8C1E2804AC33002D86AA /* TabbarCoordinator.swift in Sources */ = {isa = PBXBuildFile; fileRef = DC2A8C1D2804AC32002D86AA /* TabbarCoordinator.swift */; };
		DC2A8C232804ECF6002D86AA /* MoviesSearchViewController.swift in Sources */ = {isa = PBXBuildFile; fileRef = DC2A8C212804ECF6002D86AA /* MoviesSearchViewController.swift */; };
		DC2A8C242804ECF6002D86AA /* MoviesSearchViewController.xib in Resources */ = {isa = PBXBuildFile; fileRef = DC2A8C222804ECF6002D86AA /* MoviesSearchViewController.xib */; };
		DC2A8C262804F5B3002D86AA /* TabbarItemView.swift in Sources */ = {isa = PBXBuildFile; fileRef = DC2A8C252804F5B3002D86AA /* TabbarItemView.swift */; };
		DC2A8C292804F5FB002D86AA /* MoviesSearchViewModel.swift in Sources */ = {isa = PBXBuildFile; fileRef = DC2A8C282804F5FB002D86AA /* MoviesSearchViewModel.swift */; };
		DC2A8C2D2804FE30002D86AA /* UIColor+Assets.swift in Sources */ = {isa = PBXBuildFile; fileRef = DC2A8C2C2804FE30002D86AA /* UIColor+Assets.swift */; };
		DC2A8C2F2804FE6A002D86AA /* Colors.xcassets in Resources */ = {isa = PBXBuildFile; fileRef = DC2A8C2E2804FE6A002D86AA /* Colors.xcassets */; };
		DC2A8C342805022E002D86AA /* VideosViewController.swift in Sources */ = {isa = PBXBuildFile; fileRef = DC2A8C322805022E002D86AA /* VideosViewController.swift */; };
		DC2A8C352805022E002D86AA /* VideosViewController.xib in Resources */ = {isa = PBXBuildFile; fileRef = DC2A8C332805022E002D86AA /* VideosViewController.xib */; };
		DC2A8C382805025A002D86AA /* VideosViewModel.swift in Sources */ = {isa = PBXBuildFile; fileRef = DC2A8C372805025A002D86AA /* VideosViewModel.swift */; };
		DC2A8C3B280504CB002D86AA /* KeychainManager.swift in Sources */ = {isa = PBXBuildFile; fileRef = DC2A8C3A280504CB002D86AA /* KeychainManager.swift */; };
		DC2A8C3D280504DA002D86AA /* KeychainError.swift in Sources */ = {isa = PBXBuildFile; fileRef = DC2A8C3C280504DA002D86AA /* KeychainError.swift */; };
		DC2A8C3F280504E4002D86AA /* KeychainKey.swift in Sources */ = {isa = PBXBuildFile; fileRef = DC2A8C3E280504E4002D86AA /* KeychainKey.swift */; };
		DC2A8C4128050539002D86AA /* KeychainConstants.swift in Sources */ = {isa = PBXBuildFile; fileRef = DC2A8C4028050539002D86AA /* KeychainConstants.swift */; };
		DC2A8C44280505FF002D86AA /* Data+Helpers.swift in Sources */ = {isa = PBXBuildFile; fileRef = DC2A8C43280505FF002D86AA /* Data+Helpers.swift */; };
		DC2A8C4A280506BC002D86AA /* ProfileViewController.swift in Sources */ = {isa = PBXBuildFile; fileRef = DC2A8C48280506BC002D86AA /* ProfileViewController.swift */; };
		DC2A8C4B280506BC002D86AA /* ProfileViewController.xib in Resources */ = {isa = PBXBuildFile; fileRef = DC2A8C49280506BC002D86AA /* ProfileViewController.xib */; };
		DC2A8C4D28051928002D86AA /* CoordinatorDelegate.swift in Sources */ = {isa = PBXBuildFile; fileRef = DC2A8C4C28051928002D86AA /* CoordinatorDelegate.swift */; };
		DC2A8C4F28051EA6002D86AA /* TabbarCoordinatorProtocol.swift in Sources */ = {isa = PBXBuildFile; fileRef = DC2A8C4E28051EA6002D86AA /* TabbarCoordinatorProtocol.swift */; };
		DC2A8C532805B1E9002D86AA /* ProfileViewModel.swift in Sources */ = {isa = PBXBuildFile; fileRef = DC2A8C522805B1E9002D86AA /* ProfileViewModel.swift */; };
		DC2A8C552805B213002D86AA /* ProfileCoordinator.swift in Sources */ = {isa = PBXBuildFile; fileRef = DC2A8C542805B213002D86AA /* ProfileCoordinator.swift */; };
		DC2A8C582805BC89002D86AA /* Images+Assets.swift in Sources */ = {isa = PBXBuildFile; fileRef = DC2A8C572805BC89002D86AA /* Images+Assets.swift */; };
		DC2A8C5B2805F4C1002D86AA /* MoviesResponse.swift in Sources */ = {isa = PBXBuildFile; fileRef = DC2A8C5A2805F4C1002D86AA /* MoviesResponse.swift */; };
		DC2A8C5D2805F4D0002D86AA /* MovieData.swift in Sources */ = {isa = PBXBuildFile; fileRef = DC2A8C5C2805F4D0002D86AA /* MovieData.swift */; };
		DC46CCCE2812390500ED414B /* MovieGroupType.swift in Sources */ = {isa = PBXBuildFile; fileRef = DC46CCCD2812390500ED414B /* MovieGroupType.swift */; };
		DC46CCD02812391A00ED414B /* HomeSectionRowItem.swift in Sources */ = {isa = PBXBuildFile; fileRef = DC46CCCF2812391A00ED414B /* HomeSectionRowItem.swift */; };
		DC46CCD22812393200ED414B /* HomeSectionRowData.swift in Sources */ = {isa = PBXBuildFile; fileRef = DC46CCD12812393200ED414B /* HomeSectionRowData.swift */; };
		DC46CCD5281249A800ED414B /* HomeTableViewHeader.swift in Sources */ = {isa = PBXBuildFile; fileRef = DC46CCD3281249A800ED414B /* HomeTableViewHeader.swift */; };
		DC46CCD6281249A800ED414B /* HomeTableViewHeader.xib in Resources */ = {isa = PBXBuildFile; fileRef = DC46CCD4281249A800ED414B /* HomeTableViewHeader.xib */; };
		DC650C4D27FDBDD100D11F84 /* AppDelegate.swift in Sources */ = {isa = PBXBuildFile; fileRef = DC650C4C27FDBDD100D11F84 /* AppDelegate.swift */; };
		DC650C5627FDBDD300D11F84 /* Assets.xcassets in Resources */ = {isa = PBXBuildFile; fileRef = DC650C5527FDBDD300D11F84 /* Assets.xcassets */; };
		DC650C5927FDBDD300D11F84 /* LaunchScreen.storyboard in Resources */ = {isa = PBXBuildFile; fileRef = DC650C5727FDBDD300D11F84 /* LaunchScreen.storyboard */; };
		DC650CA627FDC55400D11F84 /* NetworkMethods.swift in Sources */ = {isa = PBXBuildFile; fileRef = DC650C6327FDC55400D11F84 /* NetworkMethods.swift */; };
		DC650CA727FDC55400D11F84 /* NetworkHeaders.swift in Sources */ = {isa = PBXBuildFile; fileRef = DC650C6427FDC55400D11F84 /* NetworkHeaders.swift */; };
		DC650CA827FDC55400D11F84 /* NetworkContentType.swift in Sources */ = {isa = PBXBuildFile; fileRef = DC650C6527FDC55400D11F84 /* NetworkContentType.swift */; };
		DC650CA927FDC55400D11F84 /* NetworkParameters.swift in Sources */ = {isa = PBXBuildFile; fileRef = DC650C6627FDC55400D11F84 /* NetworkParameters.swift */; };
		DC650CAA27FDC55400D11F84 /* APIServiceContract.swift in Sources */ = {isa = PBXBuildFile; fileRef = DC650C6827FDC55400D11F84 /* APIServiceContract.swift */; };
		DC650CAB27FDC55400D11F84 /* APIService.swift in Sources */ = {isa = PBXBuildFile; fileRef = DC650C6927FDC55400D11F84 /* APIService.swift */; };
		DC650CAC27FDC55400D11F84 /* APIBuilder.swift in Sources */ = {isa = PBXBuildFile; fileRef = DC650C6B27FDC55400D11F84 /* APIBuilder.swift */; };
		DC650CAD27FDC55400D11F84 /* Constants.swift in Sources */ = {isa = PBXBuildFile; fileRef = DC650C6D27FDC55400D11F84 /* Constants.swift */; };
		DC650CAE27FDC55400D11F84 /* APIConstants.swift in Sources */ = {isa = PBXBuildFile; fileRef = DC650C6E27FDC55400D11F84 /* APIConstants.swift */; };
		DC650CAF27FDC55400D11F84 /* ErrorConstants.swift in Sources */ = {isa = PBXBuildFile; fileRef = DC650C6F27FDC55400D11F84 /* ErrorConstants.swift */; };
		DC650CB027FDC55400D11F84 /* NetworkConstants.swift in Sources */ = {isa = PBXBuildFile; fileRef = DC650C7027FDC55400D11F84 /* NetworkConstants.swift */; };
		DC650CB127FDC55400D11F84 /* EnvironmentManager.swift in Sources */ = {isa = PBXBuildFile; fileRef = DC650C7327FDC55400D11F84 /* EnvironmentManager.swift */; };
		DC650CB227FDC55400D11F84 /* BaseError.swift in Sources */ = {isa = PBXBuildFile; fileRef = DC650C7627FDC55400D11F84 /* BaseError.swift */; };
		DC650CB327FDC55400D11F84 /* ErrorResolver.swift in Sources */ = {isa = PBXBuildFile; fileRef = DC650C7827FDC55400D11F84 /* ErrorResolver.swift */; };
		DC650CB427FDC55400D11F84 /* ErrorType+Code.swift in Sources */ = {isa = PBXBuildFile; fileRef = DC650C7A27FDC55400D11F84 /* ErrorType+Code.swift */; };
		DC650CB527FDC55400D11F84 /* ErrorType+Message.swift in Sources */ = {isa = PBXBuildFile; fileRef = DC650C7B27FDC55400D11F84 /* ErrorType+Message.swift */; };
		DC650CB627FDC55400D11F84 /* ErrorType.swift in Sources */ = {isa = PBXBuildFile; fileRef = DC650C7C27FDC55400D11F84 /* ErrorType.swift */; };
		DC650CB727FDC55400D11F84 /* CredentialManager.swift in Sources */ = {isa = PBXBuildFile; fileRef = DC650C7E27FDC55400D11F84 /* CredentialManager.swift */; };
		DC650CB827FDC55400D11F84 /* AppCoordinator.swift in Sources */ = {isa = PBXBuildFile; fileRef = DC650C8127FDC55400D11F84 /* AppCoordinator.swift */; };
		DC650CB927FDC55400D11F84 /* Coordinator.swift in Sources */ = {isa = PBXBuildFile; fileRef = DC650C8327FDC55400D11F84 /* Coordinator.swift */; };
		DC650CBA27FDC55400D11F84 /* BaseViewModel.swift in Sources */ = {isa = PBXBuildFile; fileRef = DC650C8627FDC55400D11F84 /* BaseViewModel.swift */; };
		DC650CBB27FDC55400D11F84 /* ViewModelState.swift in Sources */ = {isa = PBXBuildFile; fileRef = DC650C8727FDC55400D11F84 /* ViewModelState.swift */; };
		DC650CBC27FDC55400D11F84 /* DisposeObject.swift in Sources */ = {isa = PBXBuildFile; fileRef = DC650C8927FDC55400D11F84 /* DisposeObject.swift */; };
		DC650CBD27FDC55400D11F84 /* BaseViewController.swift in Sources */ = {isa = PBXBuildFile; fileRef = DC650C8B27FDC55400D11F84 /* BaseViewController.swift */; };
		DC650CBE27FDC55400D11F84 /* AlertAction.swift in Sources */ = {isa = PBXBuildFile; fileRef = DC650C8E27FDC55400D11F84 /* AlertAction.swift */; };
		DC650CBF27FDC55400D11F84 /* AlertItem.swift in Sources */ = {isa = PBXBuildFile; fileRef = DC650C8F27FDC55400D11F84 /* AlertItem.swift */; };
		DC650CC027FDC55400D11F84 /* AsyncImageView.swift in Sources */ = {isa = PBXBuildFile; fileRef = DC650C9227FDC55400D11F84 /* AsyncImageView.swift */; };
		DC650CC127FDC55400D11F84 /* Collection+Helpers.swift in Sources */ = {isa = PBXBuildFile; fileRef = DC650C9527FDC55400D11F84 /* Collection+Helpers.swift */; };
		DC650CC227FDC55400D11F84 /* UIApplication+UIHelpers.swift in Sources */ = {isa = PBXBuildFile; fileRef = DC650C9727FDC55400D11F84 /* UIApplication+UIHelpers.swift */; };
		DC650CC327FDC55400D11F84 /* Publisher+Helpers.swift in Sources */ = {isa = PBXBuildFile; fileRef = DC650C9927FDC55400D11F84 /* Publisher+Helpers.swift */; };
		DC650CC427FDC55400D11F84 /* UICollectionView+Helpers.swift in Sources */ = {isa = PBXBuildFile; fileRef = DC650C9B27FDC55400D11F84 /* UICollectionView+Helpers.swift */; };
		DC650CC527FDC55400D11F84 /* Optional+Helpers.swift in Sources */ = {isa = PBXBuildFile; fileRef = DC650C9D27FDC55400D11F84 /* Optional+Helpers.swift */; };
		DC650CC627FDC55400D11F84 /* Dictionary+Helpers.swift in Sources */ = {isa = PBXBuildFile; fileRef = DC650C9F27FDC55400D11F84 /* Dictionary+Helpers.swift */; };
		DC650CC727FDC55400D11F84 /* View+Helpers.swift in Sources */ = {isa = PBXBuildFile; fileRef = DC650CA127FDC55400D11F84 /* View+Helpers.swift */; };
		DC650CC827FDC55400D11F84 /* String+Helpers.swift in Sources */ = {isa = PBXBuildFile; fileRef = DC650CA327FDC55400D11F84 /* String+Helpers.swift */; };
		DC650CC927FDC55400D11F84 /* NSObject+Helpers.swift in Sources */ = {isa = PBXBuildFile; fileRef = DC650CA527FDC55400D11F84 /* NSObject+Helpers.swift */; };
		DC77976B2801E44C003B545F /* LoginViewController.swift in Sources */ = {isa = PBXBuildFile; fileRef = DC7797692801E44C003B545F /* LoginViewController.swift */; };
		DC77976C2801E44C003B545F /* LoginViewController.xib in Resources */ = {isa = PBXBuildFile; fileRef = DC77976A2801E44C003B545F /* LoginViewController.xib */; };
		DC77976F2801E46D003B545F /* LoginViewModel.swift in Sources */ = {isa = PBXBuildFile; fileRef = DC77976E2801E46D003B545F /* LoginViewModel.swift */; };
		DC9DD30928065AB80050FA84 /* ProgressHUD.swift in Sources */ = {isa = PBXBuildFile; fileRef = DC9DD30828065AB80050FA84 /* ProgressHUD.swift */; };
		DC9DD30B28065BDC0050FA84 /* ProgressHUDAnimationType.swift in Sources */ = {isa = PBXBuildFile; fileRef = DC9DD30A28065BDC0050FA84 /* ProgressHUDAnimationType.swift */; };
		DC9DD30D28065BF10050FA84 /* ProgressHUDAnimatedIcon.swift in Sources */ = {isa = PBXBuildFile; fileRef = DC9DD30C28065BF10050FA84 /* ProgressHUDAnimatedIcon.swift */; };
		DC9DD30F28065C0E0050FA84 /* ProgressHUDAlertIcon.swift in Sources */ = {isa = PBXBuildFile; fileRef = DC9DD30E28065C0E0050FA84 /* ProgressHUDAlertIcon.swift */; };
		DC9DD31128065DB00050FA84 /* ProgressView.swift in Sources */ = {isa = PBXBuildFile; fileRef = DC9DD31028065DB00050FA84 /* ProgressView.swift */; };
		DC9DD3182806616E0050FA84 /* ProgressDisplayer.swift in Sources */ = {isa = PBXBuildFile; fileRef = DC9DD3172806616E0050FA84 /* ProgressDisplayer.swift */; };
		DCA51EBD2803A2CF00B2E4D9 /* HomeViewController.swift in Sources */ = {isa = PBXBuildFile; fileRef = DCA51EBB2803A2CF00B2E4D9 /* HomeViewController.swift */; };
		DCA51EBE2803A2CF00B2E4D9 /* HomeViewController.xib in Resources */ = {isa = PBXBuildFile; fileRef = DCA51EBC2803A2CF00B2E4D9 /* HomeViewController.xib */; };
		DCA51EC02803A2E000B2E4D9 /* HomeViewModel.swift in Sources */ = {isa = PBXBuildFile; fileRef = DCA51EBF2803A2E000B2E4D9 /* HomeViewModel.swift */; };
		DCCC7DD12808EEAB00AB8885 /* MovieCollectionViewCell.swift in Sources */ = {isa = PBXBuildFile; fileRef = DCCC7DCF2808EEAB00AB8885 /* MovieCollectionViewCell.swift */; };
		DCCC7DD22808EEAB00AB8885 /* MovieCollectionViewCell.xib in Resources */ = {isa = PBXBuildFile; fileRef = DCCC7DD02808EEAB00AB8885 /* MovieCollectionViewCell.xib */; };
		DCCC7DD52808EECE00AB8885 /* HomeTableViewCell.swift in Sources */ = {isa = PBXBuildFile; fileRef = DCCC7DD32808EECE00AB8885 /* HomeTableViewCell.swift */; };
		DCCC7DD62808EECE00AB8885 /* HomeTableViewCell.xib in Resources */ = {isa = PBXBuildFile; fileRef = DCCC7DD42808EECE00AB8885 /* HomeTableViewCell.xib */; };
		DCCC7DD92810AC1500AB8885 /* UITableView+Helpers.swift in Sources */ = {isa = PBXBuildFile; fileRef = DCCC7DD82810AC1500AB8885 /* UITableView+Helpers.swift */; };
		DCCC7DDD2814543500AB8885 /* SplashViewController.swift in Sources */ = {isa = PBXBuildFile; fileRef = DCCC7DDB2814543500AB8885 /* SplashViewController.swift */; };
		DCCC7DDE2814543500AB8885 /* SplashViewController.xib in Resources */ = {isa = PBXBuildFile; fileRef = DCCC7DDC2814543500AB8885 /* SplashViewController.xib */; };
		DCCC7DE22814545B00AB8885 /* SplashViewModel.swift in Sources */ = {isa = PBXBuildFile; fileRef = DCCC7DE12814545B00AB8885 /* SplashViewModel.swift */; };
		DCCC7DE5281458E100AB8885 /* SplashCoordinator.swift in Sources */ = {isa = PBXBuildFile; fileRef = DCCC7DE4281458E100AB8885 /* SplashCoordinator.swift */; };
		DCCC7DE828145B7600AB8885 /* LoadConfigurationsResponse.swift in Sources */ = {isa = PBXBuildFile; fileRef = DCCC7DE728145B7600AB8885 /* LoadConfigurationsResponse.swift */; };
		DCCC7DEA28145C2F00AB8885 /* ImagesConfiguration.swift in Sources */ = {isa = PBXBuildFile; fileRef = DCCC7DE928145C2F00AB8885 /* ImagesConfiguration.swift */; };
		DCCC7DED28145CF900AB8885 /* AppConfigurationsManager.swift in Sources */ = {isa = PBXBuildFile; fileRef = DCCC7DEC28145CF900AB8885 /* AppConfigurationsManager.swift */; };
		DCCC7DEF28145F1F00AB8885 /* AppConfigurationsProtocol.swift in Sources */ = {isa = PBXBuildFile; fileRef = DCCC7DEE28145F1F00AB8885 /* AppConfigurationsProtocol.swift */; };
		DCCC7DF12814792200AB8885 /* ImageSize.swift in Sources */ = {isa = PBXBuildFile; fileRef = DCCC7DF02814792200AB8885 /* ImageSize.swift */; };
/* End PBXBuildFile section */

/* Begin PBXFileReference section */
		0974693DF591FB88EB52C484 /* Pods-IMDB.debug.xcconfig */ = {isa = PBXFileReference; includeInIndex = 1; lastKnownFileType = text.xcconfig; name = "Pods-IMDB.debug.xcconfig"; path = "Target Support Files/Pods-IMDB/Pods-IMDB.debug.xcconfig"; sourceTree = "<group>"; };
		B81B214382F490FF55658420 /* Pods-IMDB.release.xcconfig */ = {isa = PBXFileReference; includeInIndex = 1; lastKnownFileType = text.xcconfig; name = "Pods-IMDB.release.xcconfig"; path = "Target Support Files/Pods-IMDB/Pods-IMDB.release.xcconfig"; sourceTree = "<group>"; };
		BF228AF20B20A1B7C7E3C9D9 /* Pods_IMDB.framework */ = {isa = PBXFileReference; explicitFileType = wrapper.framework; includeInIndex = 0; path = Pods_IMDB.framework; sourceTree = BUILT_PRODUCTS_DIR; };
		DC2A8C192804AA7B002D86AA /* RegistrationCoordinator.swift */ = {isa = PBXFileReference; lastKnownFileType = sourcecode.swift; path = RegistrationCoordinator.swift; sourceTree = "<group>"; };
		DC2A8C1D2804AC32002D86AA /* TabbarCoordinator.swift */ = {isa = PBXFileReference; lastKnownFileType = sourcecode.swift; path = TabbarCoordinator.swift; sourceTree = "<group>"; };
		DC2A8C212804ECF6002D86AA /* MoviesSearchViewController.swift */ = {isa = PBXFileReference; lastKnownFileType = sourcecode.swift; path = MoviesSearchViewController.swift; sourceTree = "<group>"; };
		DC2A8C222804ECF6002D86AA /* MoviesSearchViewController.xib */ = {isa = PBXFileReference; lastKnownFileType = file.xib; path = MoviesSearchViewController.xib; sourceTree = "<group>"; };
		DC2A8C252804F5B3002D86AA /* TabbarItemView.swift */ = {isa = PBXFileReference; lastKnownFileType = sourcecode.swift; path = TabbarItemView.swift; sourceTree = "<group>"; };
		DC2A8C282804F5FB002D86AA /* MoviesSearchViewModel.swift */ = {isa = PBXFileReference; lastKnownFileType = sourcecode.swift; path = MoviesSearchViewModel.swift; sourceTree = "<group>"; };
		DC2A8C2C2804FE30002D86AA /* UIColor+Assets.swift */ = {isa = PBXFileReference; lastKnownFileType = sourcecode.swift; path = "UIColor+Assets.swift"; sourceTree = "<group>"; };
		DC2A8C2E2804FE6A002D86AA /* Colors.xcassets */ = {isa = PBXFileReference; lastKnownFileType = folder.assetcatalog; path = Colors.xcassets; sourceTree = "<group>"; };
		DC2A8C322805022E002D86AA /* VideosViewController.swift */ = {isa = PBXFileReference; lastKnownFileType = sourcecode.swift; path = VideosViewController.swift; sourceTree = "<group>"; };
		DC2A8C332805022E002D86AA /* VideosViewController.xib */ = {isa = PBXFileReference; lastKnownFileType = file.xib; path = VideosViewController.xib; sourceTree = "<group>"; };
		DC2A8C372805025A002D86AA /* VideosViewModel.swift */ = {isa = PBXFileReference; lastKnownFileType = sourcecode.swift; path = VideosViewModel.swift; sourceTree = "<group>"; };
		DC2A8C3A280504CB002D86AA /* KeychainManager.swift */ = {isa = PBXFileReference; lastKnownFileType = sourcecode.swift; path = KeychainManager.swift; sourceTree = "<group>"; };
		DC2A8C3C280504DA002D86AA /* KeychainError.swift */ = {isa = PBXFileReference; lastKnownFileType = sourcecode.swift; path = KeychainError.swift; sourceTree = "<group>"; };
		DC2A8C3E280504E4002D86AA /* KeychainKey.swift */ = {isa = PBXFileReference; lastKnownFileType = sourcecode.swift; path = KeychainKey.swift; sourceTree = "<group>"; };
		DC2A8C4028050539002D86AA /* KeychainConstants.swift */ = {isa = PBXFileReference; lastKnownFileType = sourcecode.swift; path = KeychainConstants.swift; sourceTree = "<group>"; };
		DC2A8C43280505FF002D86AA /* Data+Helpers.swift */ = {isa = PBXFileReference; lastKnownFileType = sourcecode.swift; path = "Data+Helpers.swift"; sourceTree = "<group>"; };
		DC2A8C48280506BC002D86AA /* ProfileViewController.swift */ = {isa = PBXFileReference; lastKnownFileType = sourcecode.swift; path = ProfileViewController.swift; sourceTree = "<group>"; };
		DC2A8C49280506BC002D86AA /* ProfileViewController.xib */ = {isa = PBXFileReference; lastKnownFileType = file.xib; path = ProfileViewController.xib; sourceTree = "<group>"; };
		DC2A8C4C28051928002D86AA /* CoordinatorDelegate.swift */ = {isa = PBXFileReference; lastKnownFileType = sourcecode.swift; path = CoordinatorDelegate.swift; sourceTree = "<group>"; };
		DC2A8C4E28051EA6002D86AA /* TabbarCoordinatorProtocol.swift */ = {isa = PBXFileReference; lastKnownFileType = sourcecode.swift; path = TabbarCoordinatorProtocol.swift; sourceTree = "<group>"; };
		DC2A8C522805B1E9002D86AA /* ProfileViewModel.swift */ = {isa = PBXFileReference; lastKnownFileType = sourcecode.swift; path = ProfileViewModel.swift; sourceTree = "<group>"; };
		DC2A8C542805B213002D86AA /* ProfileCoordinator.swift */ = {isa = PBXFileReference; lastKnownFileType = sourcecode.swift; path = ProfileCoordinator.swift; sourceTree = "<group>"; };
		DC2A8C572805BC89002D86AA /* Images+Assets.swift */ = {isa = PBXFileReference; lastKnownFileType = sourcecode.swift; path = "Images+Assets.swift"; sourceTree = "<group>"; };
		DC2A8C5A2805F4C1002D86AA /* MoviesResponse.swift */ = {isa = PBXFileReference; lastKnownFileType = sourcecode.swift; path = MoviesResponse.swift; sourceTree = "<group>"; };
		DC2A8C5C2805F4D0002D86AA /* MovieData.swift */ = {isa = PBXFileReference; lastKnownFileType = sourcecode.swift; path = MovieData.swift; sourceTree = "<group>"; };
		DC46CCCD2812390500ED414B /* MovieGroupType.swift */ = {isa = PBXFileReference; lastKnownFileType = sourcecode.swift; path = MovieGroupType.swift; sourceTree = "<group>"; };
		DC46CCCF2812391A00ED414B /* HomeSectionRowItem.swift */ = {isa = PBXFileReference; lastKnownFileType = sourcecode.swift; path = HomeSectionRowItem.swift; sourceTree = "<group>"; };
		DC46CCD12812393200ED414B /* HomeSectionRowData.swift */ = {isa = PBXFileReference; lastKnownFileType = sourcecode.swift; path = HomeSectionRowData.swift; sourceTree = "<group>"; };
		DC46CCD3281249A800ED414B /* HomeTableViewHeader.swift */ = {isa = PBXFileReference; lastKnownFileType = sourcecode.swift; path = HomeTableViewHeader.swift; sourceTree = "<group>"; };
		DC46CCD4281249A800ED414B /* HomeTableViewHeader.xib */ = {isa = PBXFileReference; lastKnownFileType = file.xib; path = HomeTableViewHeader.xib; sourceTree = "<group>"; };
		DC650C4927FDBDD100D11F84 /* IMDB.app */ = {isa = PBXFileReference; explicitFileType = wrapper.application; includeInIndex = 0; path = IMDB.app; sourceTree = BUILT_PRODUCTS_DIR; };
		DC650C4C27FDBDD100D11F84 /* AppDelegate.swift */ = {isa = PBXFileReference; lastKnownFileType = sourcecode.swift; path = AppDelegate.swift; sourceTree = "<group>"; };
		DC650C5527FDBDD300D11F84 /* Assets.xcassets */ = {isa = PBXFileReference; lastKnownFileType = folder.assetcatalog; path = Assets.xcassets; sourceTree = "<group>"; };
		DC650C5827FDBDD300D11F84 /* Base */ = {isa = PBXFileReference; lastKnownFileType = file.storyboard; name = Base; path = Base.lproj/LaunchScreen.storyboard; sourceTree = "<group>"; };
		DC650C5A27FDBDD300D11F84 /* Info.plist */ = {isa = PBXFileReference; lastKnownFileType = text.plist.xml; path = Info.plist; sourceTree = "<group>"; };
		DC650C6327FDC55400D11F84 /* NetworkMethods.swift */ = {isa = PBXFileReference; fileEncoding = 4; lastKnownFileType = sourcecode.swift; path = NetworkMethods.swift; sourceTree = "<group>"; };
		DC650C6427FDC55400D11F84 /* NetworkHeaders.swift */ = {isa = PBXFileReference; fileEncoding = 4; lastKnownFileType = sourcecode.swift; path = NetworkHeaders.swift; sourceTree = "<group>"; };
		DC650C6527FDC55400D11F84 /* NetworkContentType.swift */ = {isa = PBXFileReference; fileEncoding = 4; lastKnownFileType = sourcecode.swift; path = NetworkContentType.swift; sourceTree = "<group>"; };
		DC650C6627FDC55400D11F84 /* NetworkParameters.swift */ = {isa = PBXFileReference; fileEncoding = 4; lastKnownFileType = sourcecode.swift; path = NetworkParameters.swift; sourceTree = "<group>"; };
		DC650C6827FDC55400D11F84 /* APIServiceContract.swift */ = {isa = PBXFileReference; fileEncoding = 4; lastKnownFileType = sourcecode.swift; path = APIServiceContract.swift; sourceTree = "<group>"; };
		DC650C6927FDC55400D11F84 /* APIService.swift */ = {isa = PBXFileReference; fileEncoding = 4; lastKnownFileType = sourcecode.swift; path = APIService.swift; sourceTree = "<group>"; };
		DC650C6B27FDC55400D11F84 /* APIBuilder.swift */ = {isa = PBXFileReference; fileEncoding = 4; lastKnownFileType = sourcecode.swift; path = APIBuilder.swift; sourceTree = "<group>"; };
		DC650C6D27FDC55400D11F84 /* Constants.swift */ = {isa = PBXFileReference; fileEncoding = 4; lastKnownFileType = sourcecode.swift; path = Constants.swift; sourceTree = "<group>"; };
		DC650C6E27FDC55400D11F84 /* APIConstants.swift */ = {isa = PBXFileReference; fileEncoding = 4; lastKnownFileType = sourcecode.swift; path = APIConstants.swift; sourceTree = "<group>"; };
		DC650C6F27FDC55400D11F84 /* ErrorConstants.swift */ = {isa = PBXFileReference; fileEncoding = 4; lastKnownFileType = sourcecode.swift; path = ErrorConstants.swift; sourceTree = "<group>"; };
		DC650C7027FDC55400D11F84 /* NetworkConstants.swift */ = {isa = PBXFileReference; fileEncoding = 4; lastKnownFileType = sourcecode.swift; path = NetworkConstants.swift; sourceTree = "<group>"; };
		DC650C7327FDC55400D11F84 /* EnvironmentManager.swift */ = {isa = PBXFileReference; fileEncoding = 4; lastKnownFileType = sourcecode.swift; path = EnvironmentManager.swift; sourceTree = "<group>"; };
		DC650C7627FDC55400D11F84 /* BaseError.swift */ = {isa = PBXFileReference; fileEncoding = 4; lastKnownFileType = sourcecode.swift; path = BaseError.swift; sourceTree = "<group>"; };
		DC650C7827FDC55400D11F84 /* ErrorResolver.swift */ = {isa = PBXFileReference; fileEncoding = 4; lastKnownFileType = sourcecode.swift; path = ErrorResolver.swift; sourceTree = "<group>"; };
		DC650C7A27FDC55400D11F84 /* ErrorType+Code.swift */ = {isa = PBXFileReference; fileEncoding = 4; lastKnownFileType = sourcecode.swift; path = "ErrorType+Code.swift"; sourceTree = "<group>"; };
		DC650C7B27FDC55400D11F84 /* ErrorType+Message.swift */ = {isa = PBXFileReference; fileEncoding = 4; lastKnownFileType = sourcecode.swift; path = "ErrorType+Message.swift"; sourceTree = "<group>"; };
		DC650C7C27FDC55400D11F84 /* ErrorType.swift */ = {isa = PBXFileReference; fileEncoding = 4; lastKnownFileType = sourcecode.swift; path = ErrorType.swift; sourceTree = "<group>"; };
		DC650C7E27FDC55400D11F84 /* CredentialManager.swift */ = {isa = PBXFileReference; fileEncoding = 4; lastKnownFileType = sourcecode.swift; path = CredentialManager.swift; sourceTree = "<group>"; };
		DC650C8127FDC55400D11F84 /* AppCoordinator.swift */ = {isa = PBXFileReference; fileEncoding = 4; lastKnownFileType = sourcecode.swift; path = AppCoordinator.swift; sourceTree = "<group>"; };
		DC650C8327FDC55400D11F84 /* Coordinator.swift */ = {isa = PBXFileReference; fileEncoding = 4; lastKnownFileType = sourcecode.swift; path = Coordinator.swift; sourceTree = "<group>"; };
		DC650C8627FDC55400D11F84 /* BaseViewModel.swift */ = {isa = PBXFileReference; fileEncoding = 4; lastKnownFileType = sourcecode.swift; path = BaseViewModel.swift; sourceTree = "<group>"; };
		DC650C8727FDC55400D11F84 /* ViewModelState.swift */ = {isa = PBXFileReference; fileEncoding = 4; lastKnownFileType = sourcecode.swift; path = ViewModelState.swift; sourceTree = "<group>"; };
		DC650C8927FDC55400D11F84 /* DisposeObject.swift */ = {isa = PBXFileReference; fileEncoding = 4; lastKnownFileType = sourcecode.swift; path = DisposeObject.swift; sourceTree = "<group>"; };
		DC650C8B27FDC55400D11F84 /* BaseViewController.swift */ = {isa = PBXFileReference; fileEncoding = 4; lastKnownFileType = sourcecode.swift; path = BaseViewController.swift; sourceTree = "<group>"; };
		DC650C8E27FDC55400D11F84 /* AlertAction.swift */ = {isa = PBXFileReference; fileEncoding = 4; lastKnownFileType = sourcecode.swift; path = AlertAction.swift; sourceTree = "<group>"; };
		DC650C8F27FDC55400D11F84 /* AlertItem.swift */ = {isa = PBXFileReference; fileEncoding = 4; lastKnownFileType = sourcecode.swift; path = AlertItem.swift; sourceTree = "<group>"; };
		DC650C9227FDC55400D11F84 /* AsyncImageView.swift */ = {isa = PBXFileReference; fileEncoding = 4; lastKnownFileType = sourcecode.swift; path = AsyncImageView.swift; sourceTree = "<group>"; };
		DC650C9527FDC55400D11F84 /* Collection+Helpers.swift */ = {isa = PBXFileReference; fileEncoding = 4; lastKnownFileType = sourcecode.swift; path = "Collection+Helpers.swift"; sourceTree = "<group>"; };
		DC650C9727FDC55400D11F84 /* UIApplication+UIHelpers.swift */ = {isa = PBXFileReference; fileEncoding = 4; lastKnownFileType = sourcecode.swift; path = "UIApplication+UIHelpers.swift"; sourceTree = "<group>"; };
		DC650C9927FDC55400D11F84 /* Publisher+Helpers.swift */ = {isa = PBXFileReference; fileEncoding = 4; lastKnownFileType = sourcecode.swift; path = "Publisher+Helpers.swift"; sourceTree = "<group>"; };
		DC650C9B27FDC55400D11F84 /* UICollectionView+Helpers.swift */ = {isa = PBXFileReference; fileEncoding = 4; lastKnownFileType = sourcecode.swift; path = "UICollectionView+Helpers.swift"; sourceTree = "<group>"; };
		DC650C9D27FDC55400D11F84 /* Optional+Helpers.swift */ = {isa = PBXFileReference; fileEncoding = 4; lastKnownFileType = sourcecode.swift; path = "Optional+Helpers.swift"; sourceTree = "<group>"; };
		DC650C9F27FDC55400D11F84 /* Dictionary+Helpers.swift */ = {isa = PBXFileReference; fileEncoding = 4; lastKnownFileType = sourcecode.swift; path = "Dictionary+Helpers.swift"; sourceTree = "<group>"; };
		DC650CA127FDC55400D11F84 /* View+Helpers.swift */ = {isa = PBXFileReference; fileEncoding = 4; lastKnownFileType = sourcecode.swift; path = "View+Helpers.swift"; sourceTree = "<group>"; };
		DC650CA327FDC55400D11F84 /* String+Helpers.swift */ = {isa = PBXFileReference; fileEncoding = 4; lastKnownFileType = sourcecode.swift; path = "String+Helpers.swift"; sourceTree = "<group>"; };
		DC650CA527FDC55400D11F84 /* NSObject+Helpers.swift */ = {isa = PBXFileReference; fileEncoding = 4; lastKnownFileType = sourcecode.swift; path = "NSObject+Helpers.swift"; sourceTree = "<group>"; };
		DC7797692801E44C003B545F /* LoginViewController.swift */ = {isa = PBXFileReference; lastKnownFileType = sourcecode.swift; path = LoginViewController.swift; sourceTree = "<group>"; };
		DC77976A2801E44C003B545F /* LoginViewController.xib */ = {isa = PBXFileReference; lastKnownFileType = file.xib; path = LoginViewController.xib; sourceTree = "<group>"; };
		DC77976E2801E46D003B545F /* LoginViewModel.swift */ = {isa = PBXFileReference; lastKnownFileType = sourcecode.swift; path = LoginViewModel.swift; sourceTree = "<group>"; };
		DC9DD30828065AB80050FA84 /* ProgressHUD.swift */ = {isa = PBXFileReference; lastKnownFileType = sourcecode.swift; path = ProgressHUD.swift; sourceTree = "<group>"; };
		DC9DD30A28065BDC0050FA84 /* ProgressHUDAnimationType.swift */ = {isa = PBXFileReference; lastKnownFileType = sourcecode.swift; path = ProgressHUDAnimationType.swift; sourceTree = "<group>"; };
		DC9DD30C28065BF10050FA84 /* ProgressHUDAnimatedIcon.swift */ = {isa = PBXFileReference; lastKnownFileType = sourcecode.swift; path = ProgressHUDAnimatedIcon.swift; sourceTree = "<group>"; };
		DC9DD30E28065C0E0050FA84 /* ProgressHUDAlertIcon.swift */ = {isa = PBXFileReference; lastKnownFileType = sourcecode.swift; path = ProgressHUDAlertIcon.swift; sourceTree = "<group>"; };
		DC9DD31028065DB00050FA84 /* ProgressView.swift */ = {isa = PBXFileReference; lastKnownFileType = sourcecode.swift; path = ProgressView.swift; sourceTree = "<group>"; };
		DC9DD3172806616E0050FA84 /* ProgressDisplayer.swift */ = {isa = PBXFileReference; lastKnownFileType = sourcecode.swift; path = ProgressDisplayer.swift; sourceTree = "<group>"; };
		DCA51EBB2803A2CF00B2E4D9 /* HomeViewController.swift */ = {isa = PBXFileReference; lastKnownFileType = sourcecode.swift; path = HomeViewController.swift; sourceTree = "<group>"; };
		DCA51EBC2803A2CF00B2E4D9 /* HomeViewController.xib */ = {isa = PBXFileReference; lastKnownFileType = file.xib; path = HomeViewController.xib; sourceTree = "<group>"; };
		DCA51EBF2803A2E000B2E4D9 /* HomeViewModel.swift */ = {isa = PBXFileReference; lastKnownFileType = sourcecode.swift; path = HomeViewModel.swift; sourceTree = "<group>"; };
		DCCC7DCF2808EEAB00AB8885 /* MovieCollectionViewCell.swift */ = {isa = PBXFileReference; lastKnownFileType = sourcecode.swift; path = MovieCollectionViewCell.swift; sourceTree = "<group>"; };
		DCCC7DD02808EEAB00AB8885 /* MovieCollectionViewCell.xib */ = {isa = PBXFileReference; lastKnownFileType = file.xib; path = MovieCollectionViewCell.xib; sourceTree = "<group>"; };
		DCCC7DD32808EECE00AB8885 /* HomeTableViewCell.swift */ = {isa = PBXFileReference; lastKnownFileType = sourcecode.swift; path = HomeTableViewCell.swift; sourceTree = "<group>"; };
		DCCC7DD42808EECE00AB8885 /* HomeTableViewCell.xib */ = {isa = PBXFileReference; lastKnownFileType = file.xib; path = HomeTableViewCell.xib; sourceTree = "<group>"; };
		DCCC7DD82810AC1500AB8885 /* UITableView+Helpers.swift */ = {isa = PBXFileReference; lastKnownFileType = sourcecode.swift; path = "UITableView+Helpers.swift"; sourceTree = "<group>"; };
		DCCC7DDB2814543500AB8885 /* SplashViewController.swift */ = {isa = PBXFileReference; lastKnownFileType = sourcecode.swift; path = SplashViewController.swift; sourceTree = "<group>"; };
		DCCC7DDC2814543500AB8885 /* SplashViewController.xib */ = {isa = PBXFileReference; lastKnownFileType = file.xib; path = SplashViewController.xib; sourceTree = "<group>"; };
		DCCC7DE12814545B00AB8885 /* SplashViewModel.swift */ = {isa = PBXFileReference; lastKnownFileType = sourcecode.swift; path = SplashViewModel.swift; sourceTree = "<group>"; };
		DCCC7DE4281458E100AB8885 /* SplashCoordinator.swift */ = {isa = PBXFileReference; lastKnownFileType = sourcecode.swift; path = SplashCoordinator.swift; sourceTree = "<group>"; };
		DCCC7DE728145B7600AB8885 /* LoadConfigurationsResponse.swift */ = {isa = PBXFileReference; lastKnownFileType = sourcecode.swift; path = LoadConfigurationsResponse.swift; sourceTree = "<group>"; };
		DCCC7DE928145C2F00AB8885 /* ImagesConfiguration.swift */ = {isa = PBXFileReference; lastKnownFileType = sourcecode.swift; path = ImagesConfiguration.swift; sourceTree = "<group>"; };
		DCCC7DEC28145CF900AB8885 /* AppConfigurationsManager.swift */ = {isa = PBXFileReference; lastKnownFileType = sourcecode.swift; path = AppConfigurationsManager.swift; sourceTree = "<group>"; };
		DCCC7DEE28145F1F00AB8885 /* AppConfigurationsProtocol.swift */ = {isa = PBXFileReference; lastKnownFileType = sourcecode.swift; path = AppConfigurationsProtocol.swift; sourceTree = "<group>"; };
		DCCC7DF02814792200AB8885 /* ImageSize.swift */ = {isa = PBXFileReference; lastKnownFileType = sourcecode.swift; path = ImageSize.swift; sourceTree = "<group>"; };
/* End PBXFileReference section */

/* Begin PBXFrameworksBuildPhase section */
		DC650C4627FDBDD100D11F84 /* Frameworks */ = {
			isa = PBXFrameworksBuildPhase;
			buildActionMask = 2147483647;
			files = (
				4E8A3CC7432408A1FC191EB2 /* Pods_IMDB.framework in Frameworks */,
			);
			runOnlyForDeploymentPostprocessing = 0;
		};
/* End PBXFrameworksBuildPhase section */

/* Begin PBXGroup section */
		C26B35080CE5FA397050B4C3 /* Pods */ = {
			isa = PBXGroup;
			children = (
				0974693DF591FB88EB52C484 /* Pods-IMDB.debug.xcconfig */,
				B81B214382F490FF55658420 /* Pods-IMDB.release.xcconfig */,
			);
			path = Pods;
			sourceTree = "<group>";
		};
		DC2A8C182804AA32002D86AA /* Navigation */ = {
			isa = PBXGroup;
			children = (
				DC2A8C192804AA7B002D86AA /* RegistrationCoordinator.swift */,
			);
			path = Navigation;
			sourceTree = "<group>";
		};
		DC2A8C1B2804AC02002D86AA /* Registration Module */ = {
			isa = PBXGroup;
			children = (
				DC7797672801E428003B545F /* Login */,
			);
			path = "Registration Module";
			sourceTree = "<group>";
		};
		DC2A8C1C2804AC22002D86AA /* Navigation */ = {
			isa = PBXGroup;
			children = (
				DC2A8C4E28051EA6002D86AA /* TabbarCoordinatorProtocol.swift */,
				DC2A8C1D2804AC32002D86AA /* TabbarCoordinator.swift */,
				DC2A8C252804F5B3002D86AA /* TabbarItemView.swift */,
			);
			path = Navigation;
			sourceTree = "<group>";
		};
		DC2A8C1F2804ECD8002D86AA /* Search */ = {
			isa = PBXGroup;
			children = (
				DC2A8C272804F5E7002D86AA /* ViewModel */,
				DC2A8C202804ECDF002D86AA /* View */,
			);
			path = Search;
			sourceTree = "<group>";
		};
		DC2A8C202804ECDF002D86AA /* View */ = {
			isa = PBXGroup;
			children = (
				DC2A8C212804ECF6002D86AA /* MoviesSearchViewController.swift */,
				DC2A8C222804ECF6002D86AA /* MoviesSearchViewController.xib */,
			);
			path = View;
			sourceTree = "<group>";
		};
		DC2A8C272804F5E7002D86AA /* ViewModel */ = {
			isa = PBXGroup;
			children = (
				DC2A8C282804F5FB002D86AA /* MoviesSearchViewModel.swift */,
			);
			path = ViewModel;
			sourceTree = "<group>";
		};
		DC2A8C2A2804FE10002D86AA /* Assets */ = {
			isa = PBXGroup;
			children = (
				DC2A8C562805BC7D002D86AA /* Images */,
				DC2A8C2B2804FE1C002D86AA /* Colors */,
			);
			path = Assets;
			sourceTree = "<group>";
		};
		DC2A8C2B2804FE1C002D86AA /* Colors */ = {
			isa = PBXGroup;
			children = (
				DC2A8C2C2804FE30002D86AA /* UIColor+Assets.swift */,
			);
			path = Colors;
			sourceTree = "<group>";
		};
		DC2A8C30280501EF002D86AA /* Videos */ = {
			isa = PBXGroup;
			children = (
				DC2A8C3628050247002D86AA /* ViewModel */,
				DC2A8C312805020F002D86AA /* View */,
			);
			path = Videos;
			sourceTree = "<group>";
		};
		DC2A8C312805020F002D86AA /* View */ = {
			isa = PBXGroup;
			children = (
				DC2A8C322805022E002D86AA /* VideosViewController.swift */,
				DC2A8C332805022E002D86AA /* VideosViewController.xib */,
			);
			path = View;
			sourceTree = "<group>";
		};
		DC2A8C3628050247002D86AA /* ViewModel */ = {
			isa = PBXGroup;
			children = (
				DC2A8C372805025A002D86AA /* VideosViewModel.swift */,
			);
			path = ViewModel;
			sourceTree = "<group>";
		};
		DC2A8C39280504B0002D86AA /* KeyChain */ = {
			isa = PBXGroup;
			children = (
				DC2A8C3A280504CB002D86AA /* KeychainManager.swift */,
				DC2A8C3C280504DA002D86AA /* KeychainError.swift */,
				DC2A8C3E280504E4002D86AA /* KeychainKey.swift */,
			);
			path = KeyChain;
			sourceTree = "<group>";
		};
		DC2A8C42280505F6002D86AA /* Data */ = {
			isa = PBXGroup;
			children = (
				DC2A8C43280505FF002D86AA /* Data+Helpers.swift */,
			);
			path = Data;
			sourceTree = "<group>";
		};
		DC2A8C452805069A002D86AA /* Profile Module */ = {
			isa = PBXGroup;
			children = (
				DC2A8C46280506A5002D86AA /* Profile */,
			);
			path = "Profile Module";
			sourceTree = "<group>";
		};
		DC2A8C46280506A5002D86AA /* Profile */ = {
			isa = PBXGroup;
			children = (
				DC2A8C512805B1D8002D86AA /* ViewModel */,
				DC2A8C502805B1CE002D86AA /* Navigation */,
				DC2A8C47280506AC002D86AA /* View */,
			);
			path = Profile;
			sourceTree = "<group>";
		};
		DC2A8C47280506AC002D86AA /* View */ = {
			isa = PBXGroup;
			children = (
				DC2A8C48280506BC002D86AA /* ProfileViewController.swift */,
				DC2A8C49280506BC002D86AA /* ProfileViewController.xib */,
			);
			path = View;
			sourceTree = "<group>";
		};
		DC2A8C502805B1CE002D86AA /* Navigation */ = {
			isa = PBXGroup;
			children = (
				DC2A8C542805B213002D86AA /* ProfileCoordinator.swift */,
			);
			path = Navigation;
			sourceTree = "<group>";
		};
		DC2A8C512805B1D8002D86AA /* ViewModel */ = {
			isa = PBXGroup;
			children = (
				DC2A8C522805B1E9002D86AA /* ProfileViewModel.swift */,
			);
			path = ViewModel;
			sourceTree = "<group>";
		};
		DC2A8C562805BC7D002D86AA /* Images */ = {
			isa = PBXGroup;
			children = (
				DC2A8C572805BC89002D86AA /* Images+Assets.swift */,
			);
			path = Images;
			sourceTree = "<group>";
		};
		DC2A8C592805F4B3002D86AA /* Entities */ = {
			isa = PBXGroup;
			children = (
				DC2A8C5A2805F4C1002D86AA /* MoviesResponse.swift */,
				DC2A8C5C2805F4D0002D86AA /* MovieData.swift */,
				DC46CCCD2812390500ED414B /* MovieGroupType.swift */,
				DC46CCCF2812391A00ED414B /* HomeSectionRowItem.swift */,
				DC46CCD12812393200ED414B /* HomeSectionRowData.swift */,
			);
			path = Entities;
			sourceTree = "<group>";
		};
		DC650C4027FDBDD100D11F84 = {
			isa = PBXGroup;
			children = (
				DC650C4B27FDBDD100D11F84 /* IMDB */,
				DC650C4A27FDBDD100D11F84 /* Products */,
				C26B35080CE5FA397050B4C3 /* Pods */,
				DC7AA308E156D575A7EE36F7 /* Frameworks */,
			);
			sourceTree = "<group>";
		};
		DC650C4A27FDBDD100D11F84 /* Products */ = {
			isa = PBXGroup;
			children = (
				DC650C4927FDBDD100D11F84 /* IMDB.app */,
			);
			name = Products;
			sourceTree = "<group>";
		};
		DC650C4B27FDBDD100D11F84 /* IMDB */ = {
			isa = PBXGroup;
			children = (
				DCCC7DDA2814541900AB8885 /* Splash */,
				DC2A8C1B2804AC02002D86AA /* Registration Module */,
				DC7797662801E41B003B545F /* Home Module */,
				DC2A8C452805069A002D86AA /* Profile Module */,
				DC650C6027FDC55400D11F84 /* Utilities */,
				DC650CCB27FDC5ED00D11F84 /* Application */,
				DC650CCA27FDC5DE00D11F84 /* Resources */,
				DC650CCC27FDC64C00D11F84 /* Configurations */,
			);
			path = IMDB;
			sourceTree = "<group>";
		};
		DC650C6027FDC55400D11F84 /* Utilities */ = {
			isa = PBXGroup;
			children = (
				DC650C6127FDC55400D11F84 /* Networking */,
				DC650C6C27FDC55400D11F84 /* Constants */,
				DC650C7127FDC55400D11F84 /* Managers */,
				DC650C7F27FDC55400D11F84 /* Navigation */,
				DC650C8427FDC55400D11F84 /* Bases */,
				DC650C8C27FDC55400D11F84 /* Reusable Components */,
				DC650C9327FDC55400D11F84 /* Helpers */,
			);
			path = Utilities;
			sourceTree = "<group>";
		};
		DC650C6127FDC55400D11F84 /* Networking */ = {
			isa = PBXGroup;
			children = (
				DC650C6227FDC55400D11F84 /* Constants */,
				DC650C6727FDC55400D11F84 /* Service */,
				DC650C6A27FDC55400D11F84 /* Builder */,
			);
			path = Networking;
			sourceTree = "<group>";
		};
		DC650C6227FDC55400D11F84 /* Constants */ = {
			isa = PBXGroup;
			children = (
				DC650C6327FDC55400D11F84 /* NetworkMethods.swift */,
				DC650C6427FDC55400D11F84 /* NetworkHeaders.swift */,
				DC650C6527FDC55400D11F84 /* NetworkContentType.swift */,
				DC650C6627FDC55400D11F84 /* NetworkParameters.swift */,
			);
			path = Constants;
			sourceTree = "<group>";
		};
		DC650C6727FDC55400D11F84 /* Service */ = {
			isa = PBXGroup;
			children = (
				DC650C6827FDC55400D11F84 /* APIServiceContract.swift */,
				DC650C6927FDC55400D11F84 /* APIService.swift */,
			);
			path = Service;
			sourceTree = "<group>";
		};
		DC650C6A27FDC55400D11F84 /* Builder */ = {
			isa = PBXGroup;
			children = (
				DC650C6B27FDC55400D11F84 /* APIBuilder.swift */,
			);
			path = Builder;
			sourceTree = "<group>";
		};
		DC650C6C27FDC55400D11F84 /* Constants */ = {
			isa = PBXGroup;
			children = (
				DC650C6D27FDC55400D11F84 /* Constants.swift */,
				DC650C6E27FDC55400D11F84 /* APIConstants.swift */,
				DC650C6F27FDC55400D11F84 /* ErrorConstants.swift */,
				DC650C7027FDC55400D11F84 /* NetworkConstants.swift */,
				DC2A8C4028050539002D86AA /* KeychainConstants.swift */,
			);
			path = Constants;
			sourceTree = "<group>";
		};
		DC650C7127FDC55400D11F84 /* Managers */ = {
			isa = PBXGroup;
			children = (
				DCCC7DEB28145CE300AB8885 /* Configurations */,
				DC2A8C39280504B0002D86AA /* KeyChain */,
				DC650C7227FDC55400D11F84 /* Environment */,
				DC650C7427FDC55400D11F84 /* Error */,
				DC650C7D27FDC55400D11F84 /* Credentials */,
			);
			path = Managers;
			sourceTree = "<group>";
		};
		DC650C7227FDC55400D11F84 /* Environment */ = {
			isa = PBXGroup;
			children = (
				DC650C7327FDC55400D11F84 /* EnvironmentManager.swift */,
			);
			path = Environment;
			sourceTree = "<group>";
		};
		DC650C7427FDC55400D11F84 /* Error */ = {
			isa = PBXGroup;
			children = (
				DC650C7527FDC55400D11F84 /* Entity */,
				DC650C7727FDC55400D11F84 /* Helpers */,
			);
			path = Error;
			sourceTree = "<group>";
		};
		DC650C7527FDC55400D11F84 /* Entity */ = {
			isa = PBXGroup;
			children = (
				DC650C7627FDC55400D11F84 /* BaseError.swift */,
			);
			path = Entity;
			sourceTree = "<group>";
		};
		DC650C7727FDC55400D11F84 /* Helpers */ = {
			isa = PBXGroup;
			children = (
				DC650C7827FDC55400D11F84 /* ErrorResolver.swift */,
				DC650C7927FDC55400D11F84 /* Error Type */,
			);
			path = Helpers;
			sourceTree = "<group>";
		};
		DC650C7927FDC55400D11F84 /* Error Type */ = {
			isa = PBXGroup;
			children = (
				DC650C7A27FDC55400D11F84 /* ErrorType+Code.swift */,
				DC650C7B27FDC55400D11F84 /* ErrorType+Message.swift */,
				DC650C7C27FDC55400D11F84 /* ErrorType.swift */,
			);
			path = "Error Type";
			sourceTree = "<group>";
		};
		DC650C7D27FDC55400D11F84 /* Credentials */ = {
			isa = PBXGroup;
			children = (
				DC650C7E27FDC55400D11F84 /* CredentialManager.swift */,
			);
			path = Credentials;
			sourceTree = "<group>";
		};
		DC650C7F27FDC55400D11F84 /* Navigation */ = {
			isa = PBXGroup;
			children = (
				DC650C8227FDC55400D11F84 /* Core */,
				DC650C8027FDC55400D11F84 /* Coordinators */,
			);
			path = Navigation;
			sourceTree = "<group>";
		};
		DC650C8027FDC55400D11F84 /* Coordinators */ = {
			isa = PBXGroup;
			children = (
				DC650C8127FDC55400D11F84 /* AppCoordinator.swift */,
			);
			path = Coordinators;
			sourceTree = "<group>";
		};
		DC650C8227FDC55400D11F84 /* Core */ = {
			isa = PBXGroup;
			children = (
				DC650C8327FDC55400D11F84 /* Coordinator.swift */,
				DC2A8C4C28051928002D86AA /* CoordinatorDelegate.swift */,
			);
			path = Core;
			sourceTree = "<group>";
		};
		DC650C8427FDC55400D11F84 /* Bases */ = {
			isa = PBXGroup;
			children = (
				DC650C8527FDC55400D11F84 /* ViewModel */,
				DC650C8827FDC55400D11F84 /* Dispose */,
				DC650C8A27FDC55400D11F84 /* ViewController */,
			);
			path = Bases;
			sourceTree = "<group>";
		};
		DC650C8527FDC55400D11F84 /* ViewModel */ = {
			isa = PBXGroup;
			children = (
				DC650C8627FDC55400D11F84 /* BaseViewModel.swift */,
				DC650C8727FDC55400D11F84 /* ViewModelState.swift */,
			);
			path = ViewModel;
			sourceTree = "<group>";
		};
		DC650C8827FDC55400D11F84 /* Dispose */ = {
			isa = PBXGroup;
			children = (
				DC650C8927FDC55400D11F84 /* DisposeObject.swift */,
			);
			path = Dispose;
			sourceTree = "<group>";
		};
		DC650C8A27FDC55400D11F84 /* ViewController */ = {
			isa = PBXGroup;
			children = (
				DC650C8B27FDC55400D11F84 /* BaseViewController.swift */,
			);
			path = ViewController;
			sourceTree = "<group>";
		};
		DC650C8C27FDC55400D11F84 /* Reusable Components */ = {
			isa = PBXGroup;
			children = (
				DC9DD30728065A8C0050FA84 /* Views */,
				DC2A8C2A2804FE10002D86AA /* Assets */,
				DC650C8D27FDC55400D11F84 /* Alert */,
				DC650C9027FDC55400D11F84 /* Controls */,
			);
			path = "Reusable Components";
			sourceTree = "<group>";
		};
		DC650C8D27FDC55400D11F84 /* Alert */ = {
			isa = PBXGroup;
			children = (
				DC650C8E27FDC55400D11F84 /* AlertAction.swift */,
				DC650C8F27FDC55400D11F84 /* AlertItem.swift */,
			);
			path = Alert;
			sourceTree = "<group>";
		};
		DC650C9027FDC55400D11F84 /* Controls */ = {
			isa = PBXGroup;
			children = (
				DC650C9127FDC55400D11F84 /* Image View */,
			);
			path = Controls;
			sourceTree = "<group>";
		};
		DC650C9127FDC55400D11F84 /* Image View */ = {
			isa = PBXGroup;
			children = (
				DC650C9227FDC55400D11F84 /* AsyncImageView.swift */,
			);
			path = "Image View";
			sourceTree = "<group>";
		};
		DC650C9327FDC55400D11F84 /* Helpers */ = {
			isa = PBXGroup;
			children = (
				DC2A8C42280505F6002D86AA /* Data */,
				DC650C9427FDC55400D11F84 /* Collection */,
				DC650C9627FDC55400D11F84 /* UIApplication */,
				DC650C9827FDC55400D11F84 /* Publisher */,
				DC650C9A27FDC55400D11F84 /* UICollectionView */,
				DCCC7DD72810ABFB00AB8885 /* UITableView */,
				DC650C9C27FDC55400D11F84 /* Optional */,
				DC650C9E27FDC55400D11F84 /* Dictionary */,
				DC650CA027FDC55400D11F84 /* View */,
				DC650CA227FDC55400D11F84 /* String */,
				DC650CA427FDC55400D11F84 /* NSObject */,
			);
			path = Helpers;
			sourceTree = "<group>";
		};
		DC650C9427FDC55400D11F84 /* Collection */ = {
			isa = PBXGroup;
			children = (
				DC650C9527FDC55400D11F84 /* Collection+Helpers.swift */,
			);
			path = Collection;
			sourceTree = "<group>";
		};
		DC650C9627FDC55400D11F84 /* UIApplication */ = {
			isa = PBXGroup;
			children = (
				DC650C9727FDC55400D11F84 /* UIApplication+UIHelpers.swift */,
			);
			path = UIApplication;
			sourceTree = "<group>";
		};
		DC650C9827FDC55400D11F84 /* Publisher */ = {
			isa = PBXGroup;
			children = (
				DC650C9927FDC55400D11F84 /* Publisher+Helpers.swift */,
			);
			path = Publisher;
			sourceTree = "<group>";
		};
		DC650C9A27FDC55400D11F84 /* UICollectionView */ = {
			isa = PBXGroup;
			children = (
				DC650C9B27FDC55400D11F84 /* UICollectionView+Helpers.swift */,
			);
			path = UICollectionView;
			sourceTree = "<group>";
		};
		DC650C9C27FDC55400D11F84 /* Optional */ = {
			isa = PBXGroup;
			children = (
				DC650C9D27FDC55400D11F84 /* Optional+Helpers.swift */,
			);
			path = Optional;
			sourceTree = "<group>";
		};
		DC650C9E27FDC55400D11F84 /* Dictionary */ = {
			isa = PBXGroup;
			children = (
				DC650C9F27FDC55400D11F84 /* Dictionary+Helpers.swift */,
			);
			path = Dictionary;
			sourceTree = "<group>";
		};
		DC650CA027FDC55400D11F84 /* View */ = {
			isa = PBXGroup;
			children = (
				DC650CA127FDC55400D11F84 /* View+Helpers.swift */,
			);
			path = View;
			sourceTree = "<group>";
		};
		DC650CA227FDC55400D11F84 /* String */ = {
			isa = PBXGroup;
			children = (
				DC650CA327FDC55400D11F84 /* String+Helpers.swift */,
			);
			path = String;
			sourceTree = "<group>";
		};
		DC650CA427FDC55400D11F84 /* NSObject */ = {
			isa = PBXGroup;
			children = (
				DC650CA527FDC55400D11F84 /* NSObject+Helpers.swift */,
			);
			path = NSObject;
			sourceTree = "<group>";
		};
		DC650CCA27FDC5DE00D11F84 /* Resources */ = {
			isa = PBXGroup;
			children = (
				DC650C5527FDBDD300D11F84 /* Assets.xcassets */,
				DC2A8C2E2804FE6A002D86AA /* Colors.xcassets */,
			);
			path = Resources;
			sourceTree = "<group>";
		};
		DC650CCB27FDC5ED00D11F84 /* Application */ = {
			isa = PBXGroup;
			children = (
				DC650C4C27FDBDD100D11F84 /* AppDelegate.swift */,
				DC650C5727FDBDD300D11F84 /* LaunchScreen.storyboard */,
			);
			path = Application;
			sourceTree = "<group>";
		};
		DC650CCC27FDC64C00D11F84 /* Configurations */ = {
			isa = PBXGroup;
			children = (
				DC650C5A27FDBDD300D11F84 /* Info.plist */,
			);
			path = Configurations;
			sourceTree = "<group>";
		};
		DC7797662801E41B003B545F /* Home Module */ = {
			isa = PBXGroup;
			children = (
				DCA51EB82803A00800B2E4D9 /* Home */,
				DC2A8C1F2804ECD8002D86AA /* Search */,
				DC2A8C30280501EF002D86AA /* Videos */,
			);
			path = "Home Module";
			sourceTree = "<group>";
		};
		DC7797672801E428003B545F /* Login */ = {
			isa = PBXGroup;
			children = (
				DC77976D2801E452003B545F /* ViewModel */,
				DC2A8C182804AA32002D86AA /* Navigation */,
				DC7797682801E439003B545F /* View */,
			);
			path = Login;
			sourceTree = "<group>";
		};
		DC7797682801E439003B545F /* View */ = {
			isa = PBXGroup;
			children = (
				DC7797692801E44C003B545F /* LoginViewController.swift */,
				DC77976A2801E44C003B545F /* LoginViewController.xib */,
			);
			path = View;
			sourceTree = "<group>";
		};
		DC77976D2801E452003B545F /* ViewModel */ = {
			isa = PBXGroup;
			children = (
				DC77976E2801E46D003B545F /* LoginViewModel.swift */,
			);
			path = ViewModel;
			sourceTree = "<group>";
		};
		DC7AA308E156D575A7EE36F7 /* Frameworks */ = {
			isa = PBXGroup;
			children = (
				BF228AF20B20A1B7C7E3C9D9 /* Pods_IMDB.framework */,
			);
			name = Frameworks;
			sourceTree = "<group>";
		};
		DC9DD30628065A730050FA84 /* Loading Indicator */ = {
			isa = PBXGroup;
			children = (
				DC9DD316280661600050FA84 /* Displayer */,
				DC9DD315280661560050FA84 /* Views */,
				DC9DD31228065E420050FA84 /* Helpers */,
			);
			path = "Loading Indicator";
			sourceTree = "<group>";
		};
		DC9DD30728065A8C0050FA84 /* Views */ = {
			isa = PBXGroup;
			children = (
				DC9DD30628065A730050FA84 /* Loading Indicator */,
			);
			path = Views;
			sourceTree = "<group>";
		};
		DC9DD31228065E420050FA84 /* Helpers */ = {
			isa = PBXGroup;
			children = (
				DC9DD30E28065C0E0050FA84 /* ProgressHUDAlertIcon.swift */,
				DC9DD30C28065BF10050FA84 /* ProgressHUDAnimatedIcon.swift */,
				DC9DD30A28065BDC0050FA84 /* ProgressHUDAnimationType.swift */,
			);
			path = Helpers;
			sourceTree = "<group>";
		};
		DC9DD315280661560050FA84 /* Views */ = {
			isa = PBXGroup;
			children = (
				DC9DD30828065AB80050FA84 /* ProgressHUD.swift */,
				DC9DD31028065DB00050FA84 /* ProgressView.swift */,
			);
			path = Views;
			sourceTree = "<group>";
		};
		DC9DD316280661600050FA84 /* Displayer */ = {
			isa = PBXGroup;
			children = (
				DC9DD3172806616E0050FA84 /* ProgressDisplayer.swift */,
			);
			path = Displayer;
			sourceTree = "<group>";
		};
		DCA51EB82803A00800B2E4D9 /* Home */ = {
			isa = PBXGroup;
			children = (
				DC2A8C592805F4B3002D86AA /* Entities */,
				DCA51EBA2803A2B900B2E4D9 /* ViewModel */,
				DC2A8C1C2804AC22002D86AA /* Navigation */,
				DCA51EB92803A2AE00B2E4D9 /* View */,
			);
			path = Home;
			sourceTree = "<group>";
		};
		DCA51EB92803A2AE00B2E4D9 /* View */ = {
			isa = PBXGroup;
			children = (
				DCA51EBB2803A2CF00B2E4D9 /* HomeViewController.swift */,
				DCA51EBC2803A2CF00B2E4D9 /* HomeViewController.xib */,
				DCCC7DC32808EC0E00AB8885 /* Cells */,
				DCCC7DC82808EC7800AB8885 /* Headers */,
			);
			path = View;
			sourceTree = "<group>";
		};
		DCA51EBA2803A2B900B2E4D9 /* ViewModel */ = {
			isa = PBXGroup;
			children = (
				DCA51EBF2803A2E000B2E4D9 /* HomeViewModel.swift */,
			);
			path = ViewModel;
			sourceTree = "<group>";
		};
		DCCC7DC32808EC0E00AB8885 /* Cells */ = {
			isa = PBXGroup;
			children = (
				DCCC7DCD2808EE7800AB8885 /* HomeTableViewCell */,
				DCCC7DCE2808EE8300AB8885 /* MovieCollectionViewCell */,
			);
			path = Cells;
			sourceTree = "<group>";
		};
		DCCC7DC82808EC7800AB8885 /* Headers */ = {
			isa = PBXGroup;
			children = (
				DC46CCD3281249A800ED414B /* HomeTableViewHeader.swift */,
				DC46CCD4281249A800ED414B /* HomeTableViewHeader.xib */,
			);
			path = Headers;
			sourceTree = "<group>";
		};
		DCCC7DCD2808EE7800AB8885 /* HomeTableViewCell */ = {
			isa = PBXGroup;
			children = (
				DCCC7DD32808EECE00AB8885 /* HomeTableViewCell.swift */,
				DCCC7DD42808EECE00AB8885 /* HomeTableViewCell.xib */,
			);
			path = HomeTableViewCell;
			sourceTree = "<group>";
		};
		DCCC7DCE2808EE8300AB8885 /* MovieCollectionViewCell */ = {
			isa = PBXGroup;
			children = (
				DCCC7DCF2808EEAB00AB8885 /* MovieCollectionViewCell.swift */,
				DCCC7DD02808EEAB00AB8885 /* MovieCollectionViewCell.xib */,
			);
			path = MovieCollectionViewCell;
			sourceTree = "<group>";
		};
		DCCC7DD72810ABFB00AB8885 /* UITableView */ = {
			isa = PBXGroup;
			children = (
				DCCC7DD82810AC1500AB8885 /* UITableView+Helpers.swift */,
			);
			path = UITableView;
			sourceTree = "<group>";
		};
		DCCC7DDA2814541900AB8885 /* Splash */ = {
			isa = PBXGroup;
			children = (
				DCCC7DE628145B5E00AB8885 /* Entities */,
				DCCC7DE3281458C200AB8885 /* Navigation */,
				DCCC7DE02814544600AB8885 /* ViewModel */,
				DCCC7DDF2814543D00AB8885 /* View */,
			);
			path = Splash;
			sourceTree = "<group>";
		};
		DCCC7DDF2814543D00AB8885 /* View */ = {
			isa = PBXGroup;
			children = (
				DCCC7DDB2814543500AB8885 /* SplashViewController.swift */,
				DCCC7DDC2814543500AB8885 /* SplashViewController.xib */,
			);
			path = View;
			sourceTree = "<group>";
		};
		DCCC7DE02814544600AB8885 /* ViewModel */ = {
			isa = PBXGroup;
			children = (
				DCCC7DE12814545B00AB8885 /* SplashViewModel.swift */,
			);
			path = ViewModel;
			sourceTree = "<group>";
		};
		DCCC7DE3281458C200AB8885 /* Navigation */ = {
			isa = PBXGroup;
			children = (
				DCCC7DE4281458E100AB8885 /* SplashCoordinator.swift */,
			);
			path = Navigation;
			sourceTree = "<group>";
		};
		DCCC7DE628145B5E00AB8885 /* Entities */ = {
			isa = PBXGroup;
			children = (
				DCCC7DE728145B7600AB8885 /* LoadConfigurationsResponse.swift */,
				DCCC7DE928145C2F00AB8885 /* ImagesConfiguration.swift */,
				DCCC7DF02814792200AB8885 /* ImageSize.swift */,
			);
			path = Entities;
			sourceTree = "<group>";
		};
		DCCC7DEB28145CE300AB8885 /* Configurations */ = {
			isa = PBXGroup;
			children = (
				DCCC7DEE28145F1F00AB8885 /* AppConfigurationsProtocol.swift */,
				DCCC7DEC28145CF900AB8885 /* AppConfigurationsManager.swift */,
			);
			path = Configurations;
			sourceTree = "<group>";
		};
/* End PBXGroup section */

/* Begin PBXNativeTarget section */
		DC650C4827FDBDD100D11F84 /* IMDB */ = {
			isa = PBXNativeTarget;
			buildConfigurationList = DC650C5D27FDBDD300D11F84 /* Build configuration list for PBXNativeTarget "IMDB" */;
			buildPhases = (
				A61D509B86CC4FE7245D7497 /* [CP] Check Pods Manifest.lock */,
				DC650C4527FDBDD100D11F84 /* Sources */,
				DC650C4627FDBDD100D11F84 /* Frameworks */,
				DC650C4727FDBDD100D11F84 /* Resources */,
				9BB8D31CAD0C44CE2708E8E0 /* [CP] Embed Pods Frameworks */,
			);
			buildRules = (
			);
			dependencies = (
			);
			name = IMDB;
			productName = IMDB;
			productReference = DC650C4927FDBDD100D11F84 /* IMDB.app */;
			productType = "com.apple.product-type.application";
		};
/* End PBXNativeTarget section */

/* Begin PBXProject section */
		DC650C4127FDBDD100D11F84 /* Project object */ = {
			isa = PBXProject;
			attributes = {
				BuildIndependentTargetsInParallel = 1;
				LastSwiftUpdateCheck = 1300;
				LastUpgradeCheck = 1300;
				TargetAttributes = {
					DC650C4827FDBDD100D11F84 = {
						CreatedOnToolsVersion = 13.0;
					};
				};
			};
			buildConfigurationList = DC650C4427FDBDD100D11F84 /* Build configuration list for PBXProject "IMDB" */;
			compatibilityVersion = "Xcode 13.0";
			developmentRegion = en;
			hasScannedForEncodings = 0;
			knownRegions = (
				en,
				Base,
			);
			mainGroup = DC650C4027FDBDD100D11F84;
			productRefGroup = DC650C4A27FDBDD100D11F84 /* Products */;
			projectDirPath = "";
			projectRoot = "";
			targets = (
				DC650C4827FDBDD100D11F84 /* IMDB */,
			);
		};
/* End PBXProject section */

/* Begin PBXResourcesBuildPhase section */
		DC650C4727FDBDD100D11F84 /* Resources */ = {
			isa = PBXResourcesBuildPhase;
			buildActionMask = 2147483647;
			files = (
				DCCC7DD62808EECE00AB8885 /* HomeTableViewCell.xib in Resources */,
				DC46CCD6281249A800ED414B /* HomeTableViewHeader.xib in Resources */,
				DCCC7DD22808EEAB00AB8885 /* MovieCollectionViewCell.xib in Resources */,
				DC650C5927FDBDD300D11F84 /* LaunchScreen.storyboard in Resources */,
				DC2A8C352805022E002D86AA /* VideosViewController.xib in Resources */,
				DC2A8C4B280506BC002D86AA /* ProfileViewController.xib in Resources */,
				DC650C5627FDBDD300D11F84 /* Assets.xcassets in Resources */,
				DCCC7DDE2814543500AB8885 /* SplashViewController.xib in Resources */,
				DC77976C2801E44C003B545F /* LoginViewController.xib in Resources */,
				DC2A8C2F2804FE6A002D86AA /* Colors.xcassets in Resources */,
				DCA51EBE2803A2CF00B2E4D9 /* HomeViewController.xib in Resources */,
				DC2A8C242804ECF6002D86AA /* MoviesSearchViewController.xib in Resources */,
			);
			runOnlyForDeploymentPostprocessing = 0;
		};
/* End PBXResourcesBuildPhase section */

/* Begin PBXShellScriptBuildPhase section */
		9BB8D31CAD0C44CE2708E8E0 /* [CP] Embed Pods Frameworks */ = {
			isa = PBXShellScriptBuildPhase;
			buildActionMask = 2147483647;
			files = (
			);
			inputFileListPaths = (
				"${PODS_ROOT}/Target Support Files/Pods-IMDB/Pods-IMDB-frameworks-${CONFIGURATION}-input-files.xcfilelist",
			);
			name = "[CP] Embed Pods Frameworks";
			outputFileListPaths = (
				"${PODS_ROOT}/Target Support Files/Pods-IMDB/Pods-IMDB-frameworks-${CONFIGURATION}-output-files.xcfilelist",
			);
			runOnlyForDeploymentPostprocessing = 0;
			shellPath = /bin/sh;
			shellScript = "\"${PODS_ROOT}/Target Support Files/Pods-IMDB/Pods-IMDB-frameworks.sh\"\n";
			showEnvVarsInLog = 0;
		};
		A61D509B86CC4FE7245D7497 /* [CP] Check Pods Manifest.lock */ = {
			isa = PBXShellScriptBuildPhase;
			buildActionMask = 2147483647;
			files = (
			);
			inputFileListPaths = (
			);
			inputPaths = (
				"${PODS_PODFILE_DIR_PATH}/Podfile.lock",
				"${PODS_ROOT}/Manifest.lock",
			);
			name = "[CP] Check Pods Manifest.lock";
			outputFileListPaths = (
			);
			outputPaths = (
				"$(DERIVED_FILE_DIR)/Pods-IMDB-checkManifestLockResult.txt",
			);
			runOnlyForDeploymentPostprocessing = 0;
			shellPath = /bin/sh;
			shellScript = "diff \"${PODS_PODFILE_DIR_PATH}/Podfile.lock\" \"${PODS_ROOT}/Manifest.lock\" > /dev/null\nif [ $? != 0 ] ; then\n    # print error to STDERR\n    echo \"error: The sandbox is not in sync with the Podfile.lock. Run 'pod install' or update your CocoaPods installation.\" >&2\n    exit 1\nfi\n# This output is used by Xcode 'outputs' to avoid re-running this script phase.\necho \"SUCCESS\" > \"${SCRIPT_OUTPUT_FILE_0}\"\n";
			showEnvVarsInLog = 0;
		};
/* End PBXShellScriptBuildPhase section */

/* Begin PBXSourcesBuildPhase section */
		DC650C4527FDBDD100D11F84 /* Sources */ = {
			isa = PBXSourcesBuildPhase;
			buildActionMask = 2147483647;
			files = (
				DC9DD3182806616E0050FA84 /* ProgressDisplayer.swift in Sources */,
				DC650CB827FDC55400D11F84 /* AppCoordinator.swift in Sources */,
				DCCC7DD52808EECE00AB8885 /* HomeTableViewCell.swift in Sources */,
				DC650CB027FDC55400D11F84 /* NetworkConstants.swift in Sources */,
				DC2A8C532805B1E9002D86AA /* ProfileViewModel.swift in Sources */,
				DC650CB727FDC55400D11F84 /* CredentialManager.swift in Sources */,
				DC650CC127FDC55400D11F84 /* Collection+Helpers.swift in Sources */,
				DC77976B2801E44C003B545F /* LoginViewController.swift in Sources */,
				DC2A8C582805BC89002D86AA /* Images+Assets.swift in Sources */,
				DC650CC527FDC55400D11F84 /* Optional+Helpers.swift in Sources */,
				DC2A8C5B2805F4C1002D86AA /* MoviesResponse.swift in Sources */,
				DC650CAD27FDC55400D11F84 /* Constants.swift in Sources */,
				DC650CC227FDC55400D11F84 /* UIApplication+UIHelpers.swift in Sources */,
				DC2A8C4F28051EA6002D86AA /* TabbarCoordinatorProtocol.swift in Sources */,
				DC2A8C262804F5B3002D86AA /* TabbarItemView.swift in Sources */,
				DC77976F2801E46D003B545F /* LoginViewModel.swift in Sources */,
				DC2A8C1E2804AC33002D86AA /* TabbarCoordinator.swift in Sources */,
				DC2A8C552805B213002D86AA /* ProfileCoordinator.swift in Sources */,
				DC2A8C232804ECF6002D86AA /* MoviesSearchViewController.swift in Sources */,
				DC650CBD27FDC55400D11F84 /* BaseViewController.swift in Sources */,
				DC9DD30F28065C0E0050FA84 /* ProgressHUDAlertIcon.swift in Sources */,
				DC650CBE27FDC55400D11F84 /* AlertAction.swift in Sources */,
				DC650CC327FDC55400D11F84 /* Publisher+Helpers.swift in Sources */,
				DC9DD30D28065BF10050FA84 /* ProgressHUDAnimatedIcon.swift in Sources */,
				DC9DD30928065AB80050FA84 /* ProgressHUD.swift in Sources */,
				DC650CBB27FDC55400D11F84 /* ViewModelState.swift in Sources */,
				DCCC7DED28145CF900AB8885 /* AppConfigurationsManager.swift in Sources */,
				DC650CBA27FDC55400D11F84 /* BaseViewModel.swift in Sources */,
				DCCC7DE5281458E100AB8885 /* SplashCoordinator.swift in Sources */,
				DC2A8C4A280506BC002D86AA /* ProfileViewController.swift in Sources */,
				DC650CA627FDC55400D11F84 /* NetworkMethods.swift in Sources */,
				DC2A8C382805025A002D86AA /* VideosViewModel.swift in Sources */,
				DC650CBC27FDC55400D11F84 /* DisposeObject.swift in Sources */,
				DC2A8C4D28051928002D86AA /* CoordinatorDelegate.swift in Sources */,
				DC46CCD5281249A800ED414B /* HomeTableViewHeader.swift in Sources */,
				DCCC7DE828145B7600AB8885 /* LoadConfigurationsResponse.swift in Sources */,
				DC46CCD22812393200ED414B /* HomeSectionRowData.swift in Sources */,
				DC650CC427FDC55400D11F84 /* UICollectionView+Helpers.swift in Sources */,
				DC650CA827FDC55400D11F84 /* NetworkContentType.swift in Sources */,
				DC2A8C2D2804FE30002D86AA /* UIColor+Assets.swift in Sources */,
				DCCC7DF12814792200AB8885 /* ImageSize.swift in Sources */,
				DC2A8C292804F5FB002D86AA /* MoviesSearchViewModel.swift in Sources */,
				DC9DD31128065DB00050FA84 /* ProgressView.swift in Sources */,
				DC650C4D27FDBDD100D11F84 /* AppDelegate.swift in Sources */,
				DC650CBF27FDC55400D11F84 /* AlertItem.swift in Sources */,
				DC650CC727FDC55400D11F84 /* View+Helpers.swift in Sources */,
				DC2A8C342805022E002D86AA /* VideosViewController.swift in Sources */,
				DC650CC827FDC55400D11F84 /* String+Helpers.swift in Sources */,
				DC2A8C3B280504CB002D86AA /* KeychainManager.swift in Sources */,
				DC46CCCE2812390500ED414B /* MovieGroupType.swift in Sources */,
				DCA51EC02803A2E000B2E4D9 /* HomeViewModel.swift in Sources */,
				DC650CB627FDC55400D11F84 /* ErrorType.swift in Sources */,
				DCCC7DEA28145C2F00AB8885 /* ImagesConfiguration.swift in Sources */,
				DC650CAA27FDC55400D11F84 /* APIServiceContract.swift in Sources */,
				DC650CB127FDC55400D11F84 /* EnvironmentManager.swift in Sources */,
				DC650CC927FDC55400D11F84 /* NSObject+Helpers.swift in Sources */,
				DC650CA927FDC55400D11F84 /* NetworkParameters.swift in Sources */,
				DC650CC627FDC55400D11F84 /* Dictionary+Helpers.swift in Sources */,
				DC2A8C3F280504E4002D86AA /* KeychainKey.swift in Sources */,
				DC650CAF27FDC55400D11F84 /* ErrorConstants.swift in Sources */,
				DC2A8C4128050539002D86AA /* KeychainConstants.swift in Sources */,
				DCCC7DEF28145F1F00AB8885 /* AppConfigurationsProtocol.swift in Sources */,
				DC650CA727FDC55400D11F84 /* NetworkHeaders.swift in Sources */,
				DC9DD30B28065BDC0050FA84 /* ProgressHUDAnimationType.swift in Sources */,
				DC650CAE27FDC55400D11F84 /* APIConstants.swift in Sources */,
				DCCC7DE22814545B00AB8885 /* SplashViewModel.swift in Sources */,
				DCCC7DD12808EEAB00AB8885 /* MovieCollectionViewCell.swift in Sources */,
				DC650CAB27FDC55400D11F84 /* APIService.swift in Sources */,
				DC2A8C5D2805F4D0002D86AA /* MovieData.swift in Sources */,
				DC650CB527FDC55400D11F84 /* ErrorType+Message.swift in Sources */,
				DC650CC027FDC55400D11F84 /* AsyncImageView.swift in Sources */,
				DC2A8C44280505FF002D86AA /* Data+Helpers.swift in Sources */,
				DC46CCD02812391A00ED414B /* HomeSectionRowItem.swift in Sources */,
				DC2A8C1A2804AA7B002D86AA /* RegistrationCoordinator.swift in Sources */,
				DC650CB927FDC55400D11F84 /* Coordinator.swift in Sources */,
				DCA51EBD2803A2CF00B2E4D9 /* HomeViewController.swift in Sources */,
				DC650CB327FDC55400D11F84 /* ErrorResolver.swift in Sources */,
				DCCC7DD92810AC1500AB8885 /* UITableView+Helpers.swift in Sources */,
				DCCC7DDD2814543500AB8885 /* SplashViewController.swift in Sources */,
				DC650CAC27FDC55400D11F84 /* APIBuilder.swift in Sources */,
				DC650CB227FDC55400D11F84 /* BaseError.swift in Sources */,
				DC2A8C3D280504DA002D86AA /* KeychainError.swift in Sources */,
				DC650CB427FDC55400D11F84 /* ErrorType+Code.swift in Sources */,
			);
			runOnlyForDeploymentPostprocessing = 0;
		};
/* End PBXSourcesBuildPhase section */

/* Begin PBXVariantGroup section */
		DC650C5727FDBDD300D11F84 /* LaunchScreen.storyboard */ = {
			isa = PBXVariantGroup;
			children = (
				DC650C5827FDBDD300D11F84 /* Base */,
			);
			name = LaunchScreen.storyboard;
			sourceTree = "<group>";
		};
/* End PBXVariantGroup section */

/* Begin XCBuildConfiguration section */
		DC650C5B27FDBDD300D11F84 /* Debug */ = {
			isa = XCBuildConfiguration;
			buildSettings = {
				ALWAYS_SEARCH_USER_PATHS = NO;
				CLANG_ANALYZER_NONNULL = YES;
				CLANG_ANALYZER_NUMBER_OBJECT_CONVERSION = YES_AGGRESSIVE;
				CLANG_CXX_LANGUAGE_STANDARD = "gnu++17";
				CLANG_CXX_LIBRARY = "libc++";
				CLANG_ENABLE_MODULES = YES;
				CLANG_ENABLE_OBJC_ARC = YES;
				CLANG_ENABLE_OBJC_WEAK = YES;
				CLANG_WARN_BLOCK_CAPTURE_AUTORELEASING = YES;
				CLANG_WARN_BOOL_CONVERSION = YES;
				CLANG_WARN_COMMA = YES;
				CLANG_WARN_CONSTANT_CONVERSION = YES;
				CLANG_WARN_DEPRECATED_OBJC_IMPLEMENTATIONS = YES;
				CLANG_WARN_DIRECT_OBJC_ISA_USAGE = YES_ERROR;
				CLANG_WARN_DOCUMENTATION_COMMENTS = YES;
				CLANG_WARN_EMPTY_BODY = YES;
				CLANG_WARN_ENUM_CONVERSION = YES;
				CLANG_WARN_INFINITE_RECURSION = YES;
				CLANG_WARN_INT_CONVERSION = YES;
				CLANG_WARN_NON_LITERAL_NULL_CONVERSION = YES;
				CLANG_WARN_OBJC_IMPLICIT_RETAIN_SELF = YES;
				CLANG_WARN_OBJC_LITERAL_CONVERSION = YES;
				CLANG_WARN_OBJC_ROOT_CLASS = YES_ERROR;
				CLANG_WARN_QUOTED_INCLUDE_IN_FRAMEWORK_HEADER = YES;
				CLANG_WARN_RANGE_LOOP_ANALYSIS = YES;
				CLANG_WARN_STRICT_PROTOTYPES = YES;
				CLANG_WARN_SUSPICIOUS_MOVE = YES;
				CLANG_WARN_UNGUARDED_AVAILABILITY = YES_AGGRESSIVE;
				CLANG_WARN_UNREACHABLE_CODE = YES;
				CLANG_WARN__DUPLICATE_METHOD_MATCH = YES;
				COPY_PHASE_STRIP = NO;
				DEBUG_INFORMATION_FORMAT = dwarf;
				ENABLE_STRICT_OBJC_MSGSEND = YES;
				ENABLE_TESTABILITY = YES;
				GCC_C_LANGUAGE_STANDARD = gnu11;
				GCC_DYNAMIC_NO_PIC = NO;
				GCC_NO_COMMON_BLOCKS = YES;
				GCC_OPTIMIZATION_LEVEL = 0;
				GCC_PREPROCESSOR_DEFINITIONS = (
					"DEBUG=1",
					"$(inherited)",
				);
				GCC_WARN_64_TO_32_BIT_CONVERSION = YES;
				GCC_WARN_ABOUT_RETURN_TYPE = YES_ERROR;
				GCC_WARN_UNDECLARED_SELECTOR = YES;
				GCC_WARN_UNINITIALIZED_AUTOS = YES_AGGRESSIVE;
				GCC_WARN_UNUSED_FUNCTION = YES;
				GCC_WARN_UNUSED_VARIABLE = YES;
				IPHONEOS_DEPLOYMENT_TARGET = 15.0;
				MTL_ENABLE_DEBUG_INFO = INCLUDE_SOURCE;
				MTL_FAST_MATH = YES;
				ONLY_ACTIVE_ARCH = YES;
				SDKROOT = iphoneos;
				SWIFT_ACTIVE_COMPILATION_CONDITIONS = DEBUG;
				SWIFT_OPTIMIZATION_LEVEL = "-Onone";
			};
			name = Debug;
		};
		DC650C5C27FDBDD300D11F84 /* Release */ = {
			isa = XCBuildConfiguration;
			buildSettings = {
				ALWAYS_SEARCH_USER_PATHS = NO;
				CLANG_ANALYZER_NONNULL = YES;
				CLANG_ANALYZER_NUMBER_OBJECT_CONVERSION = YES_AGGRESSIVE;
				CLANG_CXX_LANGUAGE_STANDARD = "gnu++17";
				CLANG_CXX_LIBRARY = "libc++";
				CLANG_ENABLE_MODULES = YES;
				CLANG_ENABLE_OBJC_ARC = YES;
				CLANG_ENABLE_OBJC_WEAK = YES;
				CLANG_WARN_BLOCK_CAPTURE_AUTORELEASING = YES;
				CLANG_WARN_BOOL_CONVERSION = YES;
				CLANG_WARN_COMMA = YES;
				CLANG_WARN_CONSTANT_CONVERSION = YES;
				CLANG_WARN_DEPRECATED_OBJC_IMPLEMENTATIONS = YES;
				CLANG_WARN_DIRECT_OBJC_ISA_USAGE = YES_ERROR;
				CLANG_WARN_DOCUMENTATION_COMMENTS = YES;
				CLANG_WARN_EMPTY_BODY = YES;
				CLANG_WARN_ENUM_CONVERSION = YES;
				CLANG_WARN_INFINITE_RECURSION = YES;
				CLANG_WARN_INT_CONVERSION = YES;
				CLANG_WARN_NON_LITERAL_NULL_CONVERSION = YES;
				CLANG_WARN_OBJC_IMPLICIT_RETAIN_SELF = YES;
				CLANG_WARN_OBJC_LITERAL_CONVERSION = YES;
				CLANG_WARN_OBJC_ROOT_CLASS = YES_ERROR;
				CLANG_WARN_QUOTED_INCLUDE_IN_FRAMEWORK_HEADER = YES;
				CLANG_WARN_RANGE_LOOP_ANALYSIS = YES;
				CLANG_WARN_STRICT_PROTOTYPES = YES;
				CLANG_WARN_SUSPICIOUS_MOVE = YES;
				CLANG_WARN_UNGUARDED_AVAILABILITY = YES_AGGRESSIVE;
				CLANG_WARN_UNREACHABLE_CODE = YES;
				CLANG_WARN__DUPLICATE_METHOD_MATCH = YES;
				COPY_PHASE_STRIP = NO;
				DEBUG_INFORMATION_FORMAT = "dwarf-with-dsym";
				ENABLE_NS_ASSERTIONS = NO;
				ENABLE_STRICT_OBJC_MSGSEND = YES;
				GCC_C_LANGUAGE_STANDARD = gnu11;
				GCC_NO_COMMON_BLOCKS = YES;
				GCC_WARN_64_TO_32_BIT_CONVERSION = YES;
				GCC_WARN_ABOUT_RETURN_TYPE = YES_ERROR;
				GCC_WARN_UNDECLARED_SELECTOR = YES;
				GCC_WARN_UNINITIALIZED_AUTOS = YES_AGGRESSIVE;
				GCC_WARN_UNUSED_FUNCTION = YES;
				GCC_WARN_UNUSED_VARIABLE = YES;
				IPHONEOS_DEPLOYMENT_TARGET = 15.0;
				MTL_ENABLE_DEBUG_INFO = NO;
				MTL_FAST_MATH = YES;
				SDKROOT = iphoneos;
				SWIFT_COMPILATION_MODE = wholemodule;
				SWIFT_OPTIMIZATION_LEVEL = "-O";
				VALIDATE_PRODUCT = YES;
			};
			name = Release;
		};
		DC650C5E27FDBDD300D11F84 /* Debug */ = {
			isa = XCBuildConfiguration;
			baseConfigurationReference = 0974693DF591FB88EB52C484 /* Pods-IMDB.debug.xcconfig */;
			buildSettings = {
				ASSETCATALOG_COMPILER_APPICON_NAME = AppIcon;
				ASSETCATALOG_COMPILER_GLOBAL_ACCENT_COLOR_NAME = AccentColor;
				CODE_SIGN_STYLE = Automatic;
				CURRENT_PROJECT_VERSION = 1.0.0;
				GENERATE_INFOPLIST_FILE = YES;
				INFOPLIST_FILE = IMDB/Configurations/Info.plist;
				INFOPLIST_KEY_UIApplicationSupportsIndirectInputEvents = YES;
				INFOPLIST_KEY_UILaunchStoryboardName = LaunchScreen;
				INFOPLIST_KEY_UISupportedInterfaceOrientations_iPad = "UIInterfaceOrientationPortrait UIInterfaceOrientationPortraitUpsideDown UIInterfaceOrientationLandscapeLeft UIInterfaceOrientationLandscapeRight";
				INFOPLIST_KEY_UISupportedInterfaceOrientations_iPhone = "UIInterfaceOrientationPortrait UIInterfaceOrientationLandscapeLeft UIInterfaceOrientationLandscapeRight";
				IPHONEOS_DEPLOYMENT_TARGET = 13.1;
				LD_RUNPATH_SEARCH_PATHS = (
					"$(inherited)",
					"@executable_path/Frameworks",
				);
				MARKETING_VERSION = 1.0.0;
				MOVIES_API_ACCESS_TOKEN = eyJhbGciOiJIUzI1NiJ9.eyJhdWQiOiJhMjlkMjNkNTQwNzU2ZDMzODUwMzY0YWFlNzZkZjk2YiIsInN1YiI6IjYyNTU4OWY5NjZhZTRkMTJkZGJmM2I5MSIsInNjb3BlcyI6WyJhcGlfcmVhZCJdLCJ2ZXJzaW9uIjoxfQ.muDlAE4VU6GZL5oIAnbqFLtkcmxdh8DFlQuNh2LFXPo;
				MOVIES_API_KEY = a29d23d540756d33850364aae76df96b;
				PRODUCT_BUNDLE_IDENTIFIER = com.ramysabry1996.IMDB;
				PRODUCT_NAME = "$(TARGET_NAME)";
				SERVER_HOST = api.themoviedb.org;
				SERVER_SCHEME = https;
				SWIFT_EMIT_LOC_STRINGS = YES;
				SWIFT_VERSION = 5.0;
				TARGETED_DEVICE_FAMILY = "1,2";
			};
			name = Debug;
		};
		DC650C5F27FDBDD300D11F84 /* Release */ = {
			isa = XCBuildConfiguration;
			baseConfigurationReference = B81B214382F490FF55658420 /* Pods-IMDB.release.xcconfig */;
			buildSettings = {
				ASSETCATALOG_COMPILER_APPICON_NAME = AppIcon;
				ASSETCATALOG_COMPILER_GLOBAL_ACCENT_COLOR_NAME = AccentColor;
				CODE_SIGN_STYLE = Automatic;
				CURRENT_PROJECT_VERSION = 1.0.0;
				GENERATE_INFOPLIST_FILE = YES;
				INFOPLIST_FILE = IMDB/Configurations/Info.plist;
				INFOPLIST_KEY_UIApplicationSupportsIndirectInputEvents = YES;
				INFOPLIST_KEY_UILaunchStoryboardName = LaunchScreen;
				INFOPLIST_KEY_UISupportedInterfaceOrientations_iPad = "UIInterfaceOrientationPortrait UIInterfaceOrientationPortraitUpsideDown UIInterfaceOrientationLandscapeLeft UIInterfaceOrientationLandscapeRight";
				INFOPLIST_KEY_UISupportedInterfaceOrientations_iPhone = "UIInterfaceOrientationPortrait UIInterfaceOrientationLandscapeLeft UIInterfaceOrientationLandscapeRight";
				IPHONEOS_DEPLOYMENT_TARGET = 13.1;
				LD_RUNPATH_SEARCH_PATHS = (
					"$(inherited)",
					"@executable_path/Frameworks",
				);
				MARKETING_VERSION = 1.0.0;
				MOVIES_API_ACCESS_TOKEN = eyJhbGciOiJIUzI1NiJ9.eyJhdWQiOiJhMjlkMjNkNTQwNzU2ZDMzODUwMzY0YWFlNzZkZjk2YiIsInN1YiI6IjYyNTU4OWY5NjZhZTRkMTJkZGJmM2I5MSIsInNjb3BlcyI6WyJhcGlfcmVhZCJdLCJ2ZXJzaW9uIjoxfQ.muDlAE4VU6GZL5oIAnbqFLtkcmxdh8DFlQuNh2LFXPo;
				MOVIES_API_KEY = a29d23d540756d33850364aae76df96b;
				PRODUCT_BUNDLE_IDENTIFIER = com.ramysabry1996.IMDB;
				PRODUCT_NAME = "$(TARGET_NAME)";
				SERVER_HOST = api.themoviedb.org;
				SERVER_SCHEME = https;
				SWIFT_EMIT_LOC_STRINGS = YES;
				SWIFT_VERSION = 5.0;
				TARGETED_DEVICE_FAMILY = "1,2";
			};
			name = Release;
		};
/* End XCBuildConfiguration section */

/* Begin XCConfigurationList section */
		DC650C4427FDBDD100D11F84 /* Build configuration list for PBXProject "IMDB" */ = {
			isa = XCConfigurationList;
			buildConfigurations = (
				DC650C5B27FDBDD300D11F84 /* Debug */,
				DC650C5C27FDBDD300D11F84 /* Release */,
			);
			defaultConfigurationIsVisible = 0;
			defaultConfigurationName = Release;
		};
		DC650C5D27FDBDD300D11F84 /* Build configuration list for PBXNativeTarget "IMDB" */ = {
			isa = XCConfigurationList;
			buildConfigurations = (
				DC650C5E27FDBDD300D11F84 /* Debug */,
				DC650C5F27FDBDD300D11F84 /* Release */,
			);
			defaultConfigurationIsVisible = 0;
			defaultConfigurationName = Release;
		};
/* End XCConfigurationList section */
	};
	rootObject = DC650C4127FDBDD100D11F84 /* Project object */;
}
